{
  "name": "wehelp",
  "version": "1.0.0",
  "lockfileVersion": 3,
  "requires": true,
  "packages": {
    "": {
      "name": "wehelp",
      "version": "1.0.0",
      "license": "ISC",
      "dependencies": {
        "normalize-scss": "^8.0.0"
      }
    },
    "node_modules/normalize-scss": {
      "version": "8.0.0",
      "resolved": "https://registry.npmjs.org/normalize-scss/-/normalize-scss-8.0.0.tgz",
      "integrity": "sha512-C6GXIxQ2LOYWrde27xWbONavmybobxp+V6TY8BiBJw5M+yMNEg2R0WjaeDtmP5JsunFYKvFOvgMAIC0/OxZuJQ=="
    }
  }
}
